
Microsoft Visual Studio Solution File, Format Version 12.00
# Visual Studio Version 17
VisualStudioVersion = 17.7.34024.191
MinimumVisualStudioVersion = 10.0.40219.1
Project("{FAE04EC0-301F-11D3-BF4B-00C04F79EFBC}") = "week02", "week02\week02.csproj", "{E2174ECF-942A-4015-9871-E06F2160D34E}"
EndProject
Global
	GlobalSection(SolutionConfigurationPlatforms) = preSolution
		Debug|Any CPU = Debug|Any CPU
		Release|Any CPU = Release|Any CPU
	EndGlobalSection
	GlobalSection(ProjectConfigurationPlatforms) = postSolution
		{E2174ECF-942A-4015-9871-E06F2160D34E}.Debug|Any CPU.ActiveCfg = Debug|Any CPU
		{E2174ECF-942A-4015-9871-E06F2160D34E}.Debug|Any CPU.Build.0 = Debug|Any CPU
		{E2174ECF-942A-4015-9871-E06F2160D34E}.Release|Any CPU.ActiveCfg = Release|Any CPU
		{E2174ECF-942A-4015-9871-E06F2160D34E}.Release|Any CPU.Build.0 = Release|Any CPU
	EndGlobalSection
	GlobalSection(SolutionProperties) = preSolution
		HideSolutionNode = FALSE
	EndGlobalSection
	GlobalSection(ExtensibilityGlobals) = postSolution
		SolutionGuid = {59726A3B-7741-43C5-97D5-6960C9640120}
	EndGlobalSection
EndGlobal
